
Microsoft Visual Studio Solution File, Format Version 12.00
# Visual Studio 2013
VisualStudioVersion = 12.0.30723.0
MinimumVisualStudioVersion = 10.0.40219.1
Project("{8BC9CEB8-8B4A-11D0-8D11-00A0C91BC942}") = "ConsoleApplication29", "ConsoleApplication29\ConsoleApplication29.vcxproj", "{FAEF2289-E0C4-4F39-83E9-1C2447CEF394}"
EndProject
Global
	GlobalSection(SolutionConfigurationPlatforms) = preSolution
		Debug|Win32 = Debug|Win32
		Release|Win32 = Release|Win32
	EndGlobalSection
	GlobalSection(ProjectConfigurationPlatforms) = postSolution
		{FAEF2289-E0C4-4F39-83E9-1C2447CEF394}.Debug|Win32.ActiveCfg = Debug|Win32
		{FAEF2289-E0C4-4F39-83E9-1C2447CEF394}.Debug|Win32.Build.0 = Debug|Win32
		{FAEF2289-E0C4-4F39-83E9-1C2447CEF394}.Release|Win32.ActiveCfg = Release|Win32
		{FAEF2289-E0C4-4F39-83E9-1C2447CEF394}.Release|Win32.Build.0 = Release|Win32
	EndGlobalSection
	GlobalSection(SolutionProperties) = preSolution
		HideSolutionNode = FALSE
	EndGlobalSection
EndGlobal
